
Microsoft Visual Studio Solution File, Format Version 12.00
# Visual Studio Version 16
VisualStudioVersion = 16.0.30114.105
MinimumVisualStudioVersion = 10.0.40219.1
Project("{FAE04EC0-301F-11D3-BF4B-00C04F79EFBC}") = "Marketplace.Core", "Marketplace.Core\Marketplace.Core.csproj", "{0CE94DC2-05F3-4711-B029-B2E8FDEB4335}"
EndProject
Project("{FAE04EC0-301F-11D3-BF4B-00C04F79EFBC}") = "Marketplace.Infra", "Marketplace.Infra\Marketplace.Infra.csproj", "{F73144B1-56D4-4D3E-9AFA-593E1AE8BD5E}"
EndProject
Project("{FAE04EC0-301F-11D3-BF4B-00C04F79EFBC}") = "Marketplace.Application", "Marketplace.Application\Marketplace.Application.csproj", "{EFFA6607-2033-492A-9127-0D34B81E40F8}"
EndProject
Project("{FAE04EC0-301F-11D3-BF4B-00C04F79EFBC}") = "Marketplace.Api", "Marketplace.Api\Marketplace.Api.csproj", "{96B2F333-99EE-4CC0-BC04-5F76890BE8A5}"
EndProject
Global
	GlobalSection(SolutionConfigurationPlatforms) = preSolution
		Debug|Any CPU = Debug|Any CPU
		Release|Any CPU = Release|Any CPU
	EndGlobalSection
	GlobalSection(SolutionProperties) = preSolution
		HideSolutionNode = FALSE
	EndGlobalSection
	GlobalSection(ProjectConfigurationPlatforms) = postSolution
		{0CE94DC2-05F3-4711-B029-B2E8FDEB4335}.Debug|Any CPU.ActiveCfg = Debug|Any CPU
		{0CE94DC2-05F3-4711-B029-B2E8FDEB4335}.Debug|Any CPU.Build.0 = Debug|Any CPU
		{0CE94DC2-05F3-4711-B029-B2E8FDEB4335}.Release|Any CPU.ActiveCfg = Release|Any CPU
		{0CE94DC2-05F3-4711-B029-B2E8FDEB4335}.Release|Any CPU.Build.0 = Release|Any CPU
		{F73144B1-56D4-4D3E-9AFA-593E1AE8BD5E}.Debug|Any CPU.ActiveCfg = Debug|Any CPU
		{F73144B1-56D4-4D3E-9AFA-593E1AE8BD5E}.Debug|Any CPU.Build.0 = Debug|Any CPU
		{F73144B1-56D4-4D3E-9AFA-593E1AE8BD5E}.Release|Any CPU.ActiveCfg = Release|Any CPU
		{F73144B1-56D4-4D3E-9AFA-593E1AE8BD5E}.Release|Any CPU.Build.0 = Release|Any CPU
		{EFFA6607-2033-492A-9127-0D34B81E40F8}.Debug|Any CPU.ActiveCfg = Debug|Any CPU
		{EFFA6607-2033-492A-9127-0D34B81E40F8}.Debug|Any CPU.Build.0 = Debug|Any CPU
		{EFFA6607-2033-492A-9127-0D34B81E40F8}.Release|Any CPU.ActiveCfg = Release|Any CPU
		{EFFA6607-2033-492A-9127-0D34B81E40F8}.Release|Any CPU.Build.0 = Release|Any CPU
		{96B2F333-99EE-4CC0-BC04-5F76890BE8A5}.Debug|Any CPU.ActiveCfg = Debug|Any CPU
		{96B2F333-99EE-4CC0-BC04-5F76890BE8A5}.Debug|Any CPU.Build.0 = Debug|Any CPU
		{96B2F333-99EE-4CC0-BC04-5F76890BE8A5}.Release|Any CPU.ActiveCfg = Release|Any CPU
		{96B2F333-99EE-4CC0-BC04-5F76890BE8A5}.Release|Any CPU.Build.0 = Release|Any CPU
	EndGlobalSection
EndGlobal
